version = 1
revision = 2
requires-python = "==3.11.*"

[[package]]
name = "autoclip"
version = "1.3.0"
source = { virtual = "." }
dependencies = [
    { name = "markdown" },
    { name = "scons" },
]

[package.metadata]
requires-dist = [
    { name = "markdown", specifier = ">=3.8" },
    { name = "scons", specifier = ">=4.9.1" },
]

[[package]]
name = "markdown"
version = "3.8.2"
source = { registry = "https://pypi.org/simple" }
sdist = { url = "https://files.pythonhosted.org/packages/d7/c2/4ab49206c17f75cb08d6311171f2d65798988db4360c4d1485bd0eedd67c/markdown-3.8.2.tar.gz", hash = "sha256:247b9a70dd12e27f67431ce62523e675b866d254f900c4fe75ce3dda62237c45", size = 362071, upload-time = "2025-06-19T17:12:44.483Z" }
wheels = [
    { url = "https://files.pythonhosted.org/packages/96/2b/34cc11786bc00d0f04d0f5fdc3a2b1ae0b6239eef72d3d345805f9ad92a1/markdown-3.8.2-py3-none-any.whl", hash = "sha256:5c83764dbd4e00bdd94d85a19b8d55ccca20fe35b2e678a1422b380324dd5f24", size = 106827, upload-time = "2025-06-19T17:12:42.994Z" },
]

[[package]]
name = "scons"
version = "4.9.1"
source = { registry = "https://pypi.org/simple" }
sdist = { url = "https://files.pythonhosted.org/packages/c8/c1/30176c76c1ef723fab62e5cdb15d3c972427a146cb6f868748613d7b25af/scons-4.9.1.tar.gz", hash = "sha256:bacac880ba2e86d6a156c116e2f8f2bfa82b257046f3ac2666c85c53c615c338", size = 3252106, upload-time = "2025-03-27T20:42:19.765Z" }
wheels = [
    { url = "https://files.pythonhosted.org/packages/45/92/50b739021983b131dcacd57aa8b04d31c5acc2e7e0eb4ed4a362f438c6b7/scons-4.9.1-py3-none-any.whl", hash = "sha256:d2db1a22eb6039e97cbbb0106f18f435af033d0aad190299c9688378e2810a5e", size = 4131331, upload-time = "2025-03-27T20:42:16.665Z" },
]
